
Microsoft Visual Studio Solution File, Format Version 12.00
# Visual Studio 15
Project("{FAE04EC0-301F-11D3-BF4B-00C04F79EFBC}") = "WEB2020Apr_P01_T4", "WEB2020Apr_P01_T4\WEB2020Apr_P01_T4.csproj", "{193A056D-FD1D-4B55-9E90-8B618290296F}"
EndProject
Global
	GlobalSection(SolutionConfigurationPlatforms) = preSolution
		Debug|Any CPU = Debug|Any CPU
		Release|Any CPU = Release|Any CPU
	EndGlobalSection
	GlobalSection(ProjectConfigurationPlatforms) = postSolution
		{193A056D-FD1D-4B55-9E90-8B618290296F}.Debug|Any CPU.ActiveCfg = Debug|Any CPU
		{193A056D-FD1D-4B55-9E90-8B618290296F}.Debug|Any CPU.Build.0 = Debug|Any CPU
		{193A056D-FD1D-4B55-9E90-8B618290296F}.Release|Any CPU.ActiveCfg = Release|Any CPU
		{193A056D-FD1D-4B55-9E90-8B618290296F}.Release|Any CPU.Build.0 = Release|Any CPU
	EndGlobalSection
EndGlobal
